// !$*UTF8*$!
{
	archiveVersion = 1;
	classes = {
	};
	objectVersion = 56;
	objects = {

/* Begin PBXBuildFile section */
		19F1D60A2F5BD6BE00122A34 /* GoogleService-Info.plist in Resources */ = {isa = PBXBuildFile; fileRef = 19F1D6092F5BD6BE00122A34 /* GoogleService-Info.plist */; };
		BLD001 /* TagScribeApp.swift in Sources */ = {isa = PBXBuildFile; fileRef = REF001 /* TagScribeApp.swift */; };
		BLD002 /* ContentView.swift in Sources */ = {isa = PBXBuildFile; fileRef = REF002 /* ContentView.swift */; };
		BLD003 /* Item.swift in Sources */ = {isa = PBXBuildFile; fileRef = REF003 /* Item.swift */; };
		BLD004 /* Category.swift in Sources */ = {isa = PBXBuildFile; fileRef = REF004 /* Category.swift */; };
		BLD005 /* AuthManager.swift in Sources */ = {isa = PBXBuildFile; fileRef = REF005 /* AuthManager.swift */; };
		BLD006 /* APIClient.swift in Sources */ = {isa = PBXBuildFile; fileRef = REF006 /* APIClient.swift */; };
		BLD007 /* Assets.xcassets in Resources */ = {isa = PBXBuildFile; fileRef = REF008 /* Assets.xcassets */; };
		BLD008 /* FirebaseAuth in Frameworks */ = {isa = PBXBuildFile; productRef = PKGPROD /* FirebaseAuth */; };
		BLD009 /* FirebaseCore in Frameworks */ = {isa = PBXBuildFile; productRef = PKGPROD2 /* FirebaseCore */; };
		BLD010 /* RootView.swift in Sources */ = {isa = PBXBuildFile; fileRef = REF010 /* RootView.swift */; };
		BLD011 /* SignInView.swift in Sources */ = {isa = PBXBuildFile; fileRef = REF011 /* SignInView.swift */; };
/* End PBXBuildFile section */

/* Begin PBXFileReference section */
		19F1D6092F5BD6BE00122A34 /* GoogleService-Info.plist */ = {isa = PBXFileReference; lastKnownFileType = text.plist.xml; path = "GoogleService-Info.plist"; sourceTree = "<group>"; };
		REF001 /* TagScribeApp.swift */ = {isa = PBXFileReference; lastKnownFileType = sourcecode.swift; path = TagScribeApp.swift; sourceTree = "<group>"; };
		REF002 /* ContentView.swift */ = {isa = PBXFileReference; lastKnownFileType = sourcecode.swift; path = ContentView.swift; sourceTree = "<group>"; };
		REF003 /* Item.swift */ = {isa = PBXFileReference; lastKnownFileType = sourcecode.swift; path = Item.swift; sourceTree = "<group>"; };
		REF004 /* Category.swift */ = {isa = PBXFileReference; lastKnownFileType = sourcecode.swift; path = Category.swift; sourceTree = "<group>"; };
		REF005 /* AuthManager.swift */ = {isa = PBXFileReference; lastKnownFileType = sourcecode.swift; path = AuthManager.swift; sourceTree = "<group>"; };
		REF006 /* APIClient.swift */ = {isa = PBXFileReference; lastKnownFileType = sourcecode.swift; path = APIClient.swift; sourceTree = "<group>"; };
		REF007 /* Info.plist */ = {isa = PBXFileReference; lastKnownFileType = text.plist.xml; path = Info.plist; sourceTree = "<group>"; };
		REF008 /* Assets.xcassets */ = {isa = PBXFileReference; lastKnownFileType = folder.assetcatalog; path = Assets.xcassets; sourceTree = "<group>"; };
		REF009 /* TagScribe.app */ = {isa = PBXFileReference; explicitFileType = wrapper.application; includeInIndex = 0; path = TagScribe.app; sourceTree = BUILT_PRODUCTS_DIR; };
		REF010 /* RootView.swift */ = {isa = PBXFileReference; lastKnownFileType = sourcecode.swift; path = RootView.swift; sourceTree = "<group>"; };
		REF011 /* SignInView.swift */ = {isa = PBXFileReference; lastKnownFileType = sourcecode.swift; path = SignInView.swift; sourceTree = "<group>"; };
/* End PBXFileReference section */

/* Begin PBXFrameworksBuildPhase section */
		FRM001 /* Frameworks */ = {
			isa = PBXFrameworksBuildPhase;
			buildActionMask = 2147483647;
			files = (
				BLD008 /* FirebaseAuth in Frameworks */,
				BLD009 /* FirebaseCore in Frameworks */,
			);
			runOnlyForDeploymentPostprocessing = 0;
		};
/* End PBXFrameworksBuildPhase section */

/* Begin PBXGroup section */
		GRP001 = {
			isa = PBXGroup;
			children = (
				19F1D6092F5BD6BE00122A34 /* GoogleService-Info.plist */,
				GRP002 /* Products */,
				GRP003 /* TagScribe */,
			);
			sourceTree = "<group>";
		};
		GRP002 /* Products */ = {
			isa = PBXGroup;
			children = (
				REF009 /* TagScribe.app */,
			);
			name = Products;
			sourceTree = "<group>";
		};
		GRP003 /* TagScribe */ = {
			isa = PBXGroup;
			children = (
				REF001 /* TagScribeApp.swift */,
				REF002 /* ContentView.swift */,
				GRP007 /* Views */,
				GRP004 /* Models */,
				GRP005 /* Auth */,
				GRP006 /* Services */,
				REF007 /* Info.plist */,
				REF008 /* Assets.xcassets */,
			);
			path = TagScribe;
			sourceTree = "<group>";
		};
		GRP004 /* Models */ = {
			isa = PBXGroup;
			children = (
				REF003 /* Item.swift */,
				REF004 /* Category.swift */,
			);
			path = Models;
			sourceTree = "<group>";
		};
		GRP005 /* Auth */ = {
			isa = PBXGroup;
			children = (
				REF005 /* AuthManager.swift */,
			);
			path = Auth;
			sourceTree = "<group>";
		};
		GRP006 /* Services */ = {
			isa = PBXGroup;
			children = (
				REF006 /* APIClient.swift */,
			);
			path = Services;
			sourceTree = "<group>";
		};
		GRP007 /* Views */ = {
			isa = PBXGroup;
			children = (
				REF010 /* RootView.swift */,
				REF011 /* SignInView.swift */,
			);
			path = Views;
			sourceTree = "<group>";
		};
/* End PBXGroup section */

/* Begin PBXNativeTarget section */
		TGT001 /* TagScribe */ = {
			isa = PBXNativeTarget;
			buildConfigurationList = CFG002 /* Build configuration list for PBXNativeTarget "TagScribe" */;
			buildPhases = (
				SRC001 /* Sources */,
				FRM001 /* Frameworks */,
				RSR001 /* Resources */,
			);
			buildRules = (
			);
			dependencies = (
			);
			name = TagScribe;
			packageProductDependencies = (
				PKGPROD /* FirebaseAuth */,
				PKGPROD2 /* FirebaseCore */,
			);
			productName = TagScribe;
			productReference = REF009 /* TagScribe.app */;
			productType = "com.apple.product-type.application";
		};
/* End PBXNativeTarget section */

/* Begin PBXProject section */
		PRJ001 /* Project object */ = {
			isa = PBXProject;
			attributes = {
				BuildIndependentTargetsInParallel = 1;
				LastSwiftUpdateCheck = 1500;
				LastUpgradeCheck = 1500;
				TargetAttributes = {
					TGT001 = {
						CreatedOnToolsVersion = 15.0;
					};
				};
			};
			buildConfigurationList = CFG001 /* Build configuration list for PBXProject "TagScribe" */;
			compatibilityVersion = "Xcode 14.0";
			developmentRegion = en;
			hasScannedForEncodings = 0;
			knownRegions = (
				en,
				Base,
			);
			mainGroup = GRP001;
			packageReferences = (
				PKGREF /* XCRemoteSwiftPackageReference "firebase-ios-sdk" */,
			);
			productRefGroup = GRP002 /* Products */;
			projectDirPath = "";
			projectRoot = "";
			targets = (
				TGT001 /* TagScribe */,
			);
		};
/* End PBXProject section */

/* Begin PBXResourcesBuildPhase section */
		RSR001 /* Resources */ = {
			isa = PBXResourcesBuildPhase;
			buildActionMask = 2147483647;
			files = (
				BLD007 /* Assets.xcassets in Resources */,
				19F1D60A2F5BD6BE00122A34 /* GoogleService-Info.plist in Resources */,
			);
			runOnlyForDeploymentPostprocessing = 0;
		};
/* End PBXResourcesBuildPhase section */

/* Begin PBXSourcesBuildPhase section */
		SRC001 /* Sources */ = {
			isa = PBXSourcesBuildPhase;
			buildActionMask = 2147483647;
			files = (
				BLD001 /* TagScribeApp.swift in Sources */,
				BLD002 /* ContentView.swift in Sources */,
				BLD003 /* Item.swift in Sources */,
				BLD004 /* Category.swift in Sources */,
				BLD005 /* AuthManager.swift in Sources */,
				BLD006 /* APIClient.swift in Sources */,
				BLD010 /* RootView.swift in Sources */,
				BLD011 /* SignInView.swift in Sources */,
			);
			runOnlyForDeploymentPostprocessing = 0;
		};
/* End PBXSourcesBuildPhase section */

/* Begin XCBuildConfiguration section */
		CFG003 /* Debug */ = {
			isa = XCBuildConfiguration;
			buildSettings = {
				ALWAYS_SEARCH_USER_PATHS = NO;
				ASSETCATALOG_COMPILER_GENERATE_SWIFT_ASSET_SYMBOL_EXTENSIONS = YES;
				CLANG_ENABLE_MODULES = YES;
				COPY_PHASE_STRIP = NO;
				DEBUG_INFORMATION_FORMAT = dwarf;
				ENABLE_STRICT_OBJC_MSGSEND = YES;
				ENABLE_TESTABILITY = YES;
				GCC_OPTIMIZATION_LEVEL = 0;
				SWIFT_ACTIVE_COMPILATION_CONDITIONS = DEBUG;
				SWIFT_OPTIMIZATION_LEVEL = "-Onone";
			};
			name = Debug;
		};
		CFG004 /* Release */ = {
			isa = XCBuildConfiguration;
			buildSettings = {
				ALWAYS_SEARCH_USER_PATHS = NO;
				ASSETCATALOG_COMPILER_GENERATE_SWIFT_ASSET_SYMBOL_EXTENSIONS = YES;
				CLANG_ENABLE_MODULES = YES;
				COPY_PHASE_STRIP = NO;
				DEBUG_INFORMATION_FORMAT = "dwarf-with-dsym";
				ENABLE_NS_ASSERTIONS = NO;
				ENABLE_STRICT_OBJC_MSGSEND = YES;
				GCC_OPTIMIZATION_LEVEL = s;
				SWIFT_COMPILATION_MODE = wholemodule;
			};
			name = Release;
		};
		CFG005 /* Debug */ = {
			isa = XCBuildConfiguration;
			buildSettings = {
				ASSETCATALOG_COMPILER_APPICON_NAME = AppIcon;
				ASSETCATALOG_COMPILER_GLOBAL_ACCENT_COLOR_NAME = AccentColor;
				CODE_SIGN_STYLE = Automatic;
				CURRENT_PROJECT_VERSION = 1;
				DEVELOPMENT_ASSET_PATHS = "";
				ENABLE_PREVIEWS = YES;
				GENERATE_INFOPLIST_FILE = NO;
				INFOPLIST_FILE = TagScribe/Info.plist;
				INFOPLIST_KEY_UIApplicationSupportsIndirectInputEvents = YES;
				INFOPLIST_KEY_UILaunchScreen_Generation = YES;
				LD_RUNPATH_SEARCH_PATHS = (
					"$(inherited)",
					"@executable_path/Frameworks",
				);
				MARKETING_VERSION = 1.0.0;
				PRODUCT_BUNDLE_IDENTIFIER = app.tagscribe.ios;
				PRODUCT_NAME = "$(TARGET_NAME)";
				SDKROOT = iphoneos;
				SUPPORTED_PLATFORMS = "iphoneos iphonesimulator";
				SWIFT_EMIT_LOC_STRINGS = YES;
				SWIFT_VERSION = 5.0;
				TARGETED_DEVICE_FAMILY = "1,2";
			};
			name = Debug;
		};
		CFG006 /* Release */ = {
			isa = XCBuildConfiguration;
			buildSettings = {
				ASSETCATALOG_COMPILER_APPICON_NAME = AppIcon;
				ASSETCATALOG_COMPILER_GLOBAL_ACCENT_COLOR_NAME = AccentColor;
				CODE_SIGN_STYLE = Automatic;
				CURRENT_PROJECT_VERSION = 1;
				DEVELOPMENT_ASSET_PATHS = "";
				ENABLE_PREVIEWS = YES;
				GENERATE_INFOPLIST_FILE = NO;
				INFOPLIST_FILE = TagScribe/Info.plist;
				INFOPLIST_KEY_UIApplicationSupportsIndirectInputEvents = YES;
				INFOPLIST_KEY_UILaunchScreen_Generation = YES;
				LD_RUNPATH_SEARCH_PATHS = (
					"$(inherited)",
					"@executable_path/Frameworks",
				);
				MARKETING_VERSION = 1.0.0;
				PRODUCT_BUNDLE_IDENTIFIER = app.tagscribe.ios;
				PRODUCT_NAME = "$(TARGET_NAME)";
				SDKROOT = iphoneos;
				SUPPORTED_PLATFORMS = "iphoneos iphonesimulator";
				SWIFT_EMIT_LOC_STRINGS = YES;
				SWIFT_VERSION = 5.0;
				TARGETED_DEVICE_FAMILY = "1,2";
			};
			name = Release;
		};
/* End XCBuildConfiguration section */

/* Begin XCConfigurationList section */
		CFG001 /* Build configuration list for PBXProject "TagScribe" */ = {
			isa = XCConfigurationList;
			buildConfigurations = (
				CFG003 /* Debug */,
				CFG004 /* Release */,
			);
			defaultConfigurationIsVisible = 0;
			defaultConfigurationName = Release;
		};
		CFG002 /* Build configuration list for PBXNativeTarget "TagScribe" */ = {
			isa = XCConfigurationList;
			buildConfigurations = (
				CFG005 /* Debug */,
				CFG006 /* Release */,
			);
			defaultConfigurationIsVisible = 0;
			defaultConfigurationName = Release;
		};
/* End XCConfigurationList section */

/* Begin XCRemoteSwiftPackageReference section */
		PKGREF /* XCRemoteSwiftPackageReference "firebase-ios-sdk" */ = {
			isa = XCRemoteSwiftPackageReference;
			repositoryURL = "https://github.com/firebase/firebase-ios-sdk";
			requirement = {
				kind = upToNextMajorVersion;
				minimumVersion = 11.0.0;
			};
		};
/* End XCRemoteSwiftPackageReference section */

/* Begin XCSwiftPackageProductDependency section */
		PKGPROD /* FirebaseAuth */ = {
			isa = XCSwiftPackageProductDependency;
			package = PKGREF /* XCRemoteSwiftPackageReference "firebase-ios-sdk" */;
			productName = FirebaseAuth;
		};
		PKGPROD2 /* FirebaseCore */ = {
			isa = XCSwiftPackageProductDependency;
			package = PKGREF /* XCRemoteSwiftPackageReference "firebase-ios-sdk" */;
			productName = FirebaseCore;
		};
/* End XCSwiftPackageProductDependency section */
	};
	rootObject = PRJ001 /* Project object */;
}
